
Microsoft Visual Studio Solution File, Format Version 12.00
# Visual Studio Version 17
VisualStudioVersion = 17.7.34221.43
MinimumVisualStudioVersion = 10.0.40219.1
Project("{9A19103F-16F7-4668-BE54-9A1E7A4F7556}") = "BeatBanger_Autoplay", "BeatBanger Autoplay\BeatBanger_Autoplay.csproj", "{1550FF42-DA9A-4718-9778-CBDA0472E894}"
EndProject
Global
	GlobalSection(SolutionConfigurationPlatforms) = preSolution
		Debug|Any CPU = Debug|Any CPU
		Release|Any CPU = Release|Any CPU
	EndGlobalSection
	GlobalSection(ProjectConfigurationPlatforms) = postSolution
		{1550FF42-DA9A-4718-9778-CBDA0472E894}.Debug|Any CPU.ActiveCfg = Debug|Any CPU
		{1550FF42-DA9A-4718-9778-CBDA0472E894}.Debug|Any CPU.Build.0 = Debug|Any CPU
		{1550FF42-DA9A-4718-9778-CBDA0472E894}.Release|Any CPU.ActiveCfg = Release|Any CPU
		{1550FF42-DA9A-4718-9778-CBDA0472E894}.Release|Any CPU.Build.0 = Release|Any CPU
	EndGlobalSection
	GlobalSection(SolutionProperties) = preSolution
		HideSolutionNode = FALSE
	EndGlobalSection
	GlobalSection(ExtensibilityGlobals) = postSolution
		SolutionGuid = {3231D58B-D616-4EC5-BBA5-FADC6725E45D}
	EndGlobalSection
EndGlobal
